
Microsoft Visual Studio Solution File, Format Version 12.00
Project("{FAE04EC0-301F-11D3-BF4B-00C04F79EFBC}") = "Lesson01.BasicPrompting", "Lesson01.BasicPrompting\Lesson01.BasicPrompting.csproj", "{965024DA-54AF-48B4-9546-053FA0D0D344}"
EndProject
Project("{FAE04EC0-301F-11D3-BF4B-00C04F79EFBC}") = "Lesson02.ControllingLlmBehavior", "Lesson02.ControllingLlmBehavior\Lesson02.ControllingLlmBehavior.csproj", "{D960AD0C-90FC-4D1C-95C2-C2C8FD98BFC7}"
EndProject
Project("{FAE04EC0-301F-11D3-BF4B-00C04F79EFBC}") = "Lesson03.LlmConversations", "Lesson03.LlmConversations\Lesson03.LlmConversations.csproj", "{9D7802C0-190F-4550-9341-4346A0D19C73}"
EndProject
Project("{FAE04EC0-301F-11D3-BF4B-00C04F79EFBC}") = "Lesson04.StructuredOutputs", "Lesson04.StructuredOutputs\Lesson04.StructuredOutputs.csproj", "{EABFD22F-2FC1-471C-82E0-10314378DC2C}"
EndProject
Project("{FAE04EC0-301F-11D3-BF4B-00C04F79EFBC}") = "Lesson05.McpFundamentals", "Lesson05.McpFundamentals\Lesson05.McpFundamentals.csproj", "{E737D405-F770-4AAA-A145-312524D2AF71}"
EndProject
Project("{FAE04EC0-301F-11D3-BF4B-00C04F79EFBC}") = "Lesson06.ConsumingMcpServers", "Lesson06.ConsumingMcpServers\Lesson06.ConsumingMcpServers.csproj", "{FBC9DCBD-1E89-403B-A280-42E3C8F75DE8}"
EndProject
Project("{FAE04EC0-301F-11D3-BF4B-00C04F79EFBC}") = "Lesson07.RetrievalAugmentedGeneration", "Lesson07.RetrievalAugmentedGeneration\Lesson07.RetrievalAugmentedGeneration.csproj", "{9466350E-F4D6-4210-9790-A99253319A74}"
EndProject
Project("{FAE04EC0-301F-11D3-BF4B-00C04F79EFBC}") = "Lesson08.SafeWriteOperations", "Lesson08.SafeWriteOperations\Lesson08.SafeWriteOperations.csproj", "{4997A043-780A-4A36-B351-484B1F57DE36}"
EndProject
Project("{FAE04EC0-301F-11D3-BF4B-00C04F79EFBC}") = "Lesson09.Agents", "Lesson09.Agents\Lesson09.Agents.csproj", "{90012ACF-C172-499C-BDD0-11847E0F4955}"
EndProject
Project("{FAE04EC0-301F-11D3-BF4B-00C04F79EFBC}") = "Lesson10.MonitoringAndAnomalyDetection", "Lesson10.MonitoringAndAnomalyDetection\Lesson10.MonitoringAndAnomalyDetection.csproj", "{3EA84A32-40B1-4D3A-A06A-84764884E12F}"
EndProject
Project("{FAE04EC0-301F-11D3-BF4B-00C04F79EFBC}") = "Lesson11.ProductionAiPlatform", "Lesson11.ProductionAiPlatform\Lesson11.ProductionAiPlatform.csproj", "{D1AA89ED-F20D-42BA-B1B3-D6BD3E66180C}"
EndProject
Global
	GlobalSection(SolutionConfigurationPlatforms) = preSolution
		Debug|Any CPU = Debug|Any CPU
		Release|Any CPU = Release|Any CPU
	EndGlobalSection
	GlobalSection(ProjectConfigurationPlatforms) = postSolution
		{965024DA-54AF-48B4-9546-053FA0D0D344}.Debug|Any CPU.ActiveCfg = Debug|Any CPU
		{965024DA-54AF-48B4-9546-053FA0D0D344}.Debug|Any CPU.Build.0 = Debug|Any CPU
		{965024DA-54AF-48B4-9546-053FA0D0D344}.Release|Any CPU.ActiveCfg = Release|Any CPU
		{965024DA-54AF-48B4-9546-053FA0D0D344}.Release|Any CPU.Build.0 = Release|Any CPU
		{D960AD0C-90FC-4D1C-95C2-C2C8FD98BFC7}.Debug|Any CPU.ActiveCfg = Debug|Any CPU
		{D960AD0C-90FC-4D1C-95C2-C2C8FD98BFC7}.Debug|Any CPU.Build.0 = Debug|Any CPU
		{D960AD0C-90FC-4D1C-95C2-C2C8FD98BFC7}.Release|Any CPU.ActiveCfg = Release|Any CPU
		{D960AD0C-90FC-4D1C-95C2-C2C8FD98BFC7}.Release|Any CPU.Build.0 = Release|Any CPU
		{9D7802C0-190F-4550-9341-4346A0D19C73}.Debug|Any CPU.ActiveCfg = Debug|Any CPU
		{9D7802C0-190F-4550-9341-4346A0D19C73}.Debug|Any CPU.Build.0 = Debug|Any CPU
		{9D7802C0-190F-4550-9341-4346A0D19C73}.Release|Any CPU.ActiveCfg = Release|Any CPU
		{9D7802C0-190F-4550-9341-4346A0D19C73}.Release|Any CPU.Build.0 = Release|Any CPU
		{EABFD22F-2FC1-471C-82E0-10314378DC2C}.Debug|Any CPU.ActiveCfg = Debug|Any CPU
		{EABFD22F-2FC1-471C-82E0-10314378DC2C}.Debug|Any CPU.Build.0 = Debug|Any CPU
		{EABFD22F-2FC1-471C-82E0-10314378DC2C}.Release|Any CPU.ActiveCfg = Release|Any CPU
		{EABFD22F-2FC1-471C-82E0-10314378DC2C}.Release|Any CPU.Build.0 = Release|Any CPU
		{E737D405-F770-4AAA-A145-312524D2AF71}.Debug|Any CPU.ActiveCfg = Debug|Any CPU
		{E737D405-F770-4AAA-A145-312524D2AF71}.Debug|Any CPU.Build.0 = Debug|Any CPU
		{E737D405-F770-4AAA-A145-312524D2AF71}.Release|Any CPU.ActiveCfg = Release|Any CPU
		{E737D405-F770-4AAA-A145-312524D2AF71}.Release|Any CPU.Build.0 = Release|Any CPU
		{FBC9DCBD-1E89-403B-A280-42E3C8F75DE8}.Debug|Any CPU.ActiveCfg = Debug|Any CPU
		{FBC9DCBD-1E89-403B-A280-42E3C8F75DE8}.Debug|Any CPU.Build.0 = Debug|Any CPU
		{FBC9DCBD-1E89-403B-A280-42E3C8F75DE8}.Release|Any CPU.ActiveCfg = Release|Any CPU
		{FBC9DCBD-1E89-403B-A280-42E3C8F75DE8}.Release|Any CPU.Build.0 = Release|Any CPU
		{9466350E-F4D6-4210-9790-A99253319A74}.Debug|Any CPU.ActiveCfg = Debug|Any CPU
		{9466350E-F4D6-4210-9790-A99253319A74}.Debug|Any CPU.Build.0 = Debug|Any CPU
		{9466350E-F4D6-4210-9790-A99253319A74}.Release|Any CPU.ActiveCfg = Release|Any CPU
		{9466350E-F4D6-4210-9790-A99253319A74}.Release|Any CPU.Build.0 = Release|Any CPU
		{4997A043-780A-4A36-B351-484B1F57DE36}.Debug|Any CPU.ActiveCfg = Debug|Any CPU
		{4997A043-780A-4A36-B351-484B1F57DE36}.Debug|Any CPU.Build.0 = Debug|Any CPU
		{4997A043-780A-4A36-B351-484B1F57DE36}.Release|Any CPU.ActiveCfg = Release|Any CPU
		{4997A043-780A-4A36-B351-484B1F57DE36}.Release|Any CPU.Build.0 = Release|Any CPU
		{90012ACF-C172-499C-BDD0-11847E0F4955}.Debug|Any CPU.ActiveCfg = Debug|Any CPU
		{90012ACF-C172-499C-BDD0-11847E0F4955}.Debug|Any CPU.Build.0 = Debug|Any CPU
		{90012ACF-C172-499C-BDD0-11847E0F4955}.Release|Any CPU.ActiveCfg = Release|Any CPU
		{90012ACF-C172-499C-BDD0-11847E0F4955}.Release|Any CPU.Build.0 = Release|Any CPU
		{3EA84A32-40B1-4D3A-A06A-84764884E12F}.Debug|Any CPU.ActiveCfg = Debug|Any CPU
		{3EA84A32-40B1-4D3A-A06A-84764884E12F}.Debug|Any CPU.Build.0 = Debug|Any CPU
		{3EA84A32-40B1-4D3A-A06A-84764884E12F}.Release|Any CPU.ActiveCfg = Release|Any CPU
		{3EA84A32-40B1-4D3A-A06A-84764884E12F}.Release|Any CPU.Build.0 = Release|Any CPU
		{D1AA89ED-F20D-42BA-B1B3-D6BD3E66180C}.Debug|Any CPU.ActiveCfg = Debug|Any CPU
		{D1AA89ED-F20D-42BA-B1B3-D6BD3E66180C}.Debug|Any CPU.Build.0 = Debug|Any CPU
		{D1AA89ED-F20D-42BA-B1B3-D6BD3E66180C}.Release|Any CPU.ActiveCfg = Release|Any CPU
		{D1AA89ED-F20D-42BA-B1B3-D6BD3E66180C}.Release|Any CPU.Build.0 = Release|Any CPU
	EndGlobalSection
EndGlobal
